
Microsoft Visual Studio Solution File, Format Version 12.00
# Visual Studio Version 16
VisualStudioVersion = 16.0.31205.134
MinimumVisualStudioVersion = 10.0.40219.1
Project("{9A19103F-16F7-4668-BE54-9A1E7A4F7556}") = "MvcMovie", "MvcMovie.csproj", "{36702741-6D23-464D-9EC8-DCB64B132C3A}"
EndProject
Global
	GlobalSection(SolutionConfigurationPlatforms) = preSolution
		Debug|Any CPU = Debug|Any CPU
		Release|Any CPU = Release|Any CPU
	EndGlobalSection
	GlobalSection(ProjectConfigurationPlatforms) = postSolution
		{36702741-6D23-464D-9EC8-DCB64B132C3A}.Debug|Any CPU.ActiveCfg = Debug|Any CPU
		{36702741-6D23-464D-9EC8-DCB64B132C3A}.Debug|Any CPU.Build.0 = Debug|Any CPU
		{36702741-6D23-464D-9EC8-DCB64B132C3A}.Release|Any CPU.ActiveCfg = Release|Any CPU
		{36702741-6D23-464D-9EC8-DCB64B132C3A}.Release|Any CPU.Build.0 = Release|Any CPU
	EndGlobalSection
	GlobalSection(SolutionProperties) = preSolution
		HideSolutionNode = FALSE
	EndGlobalSection
	GlobalSection(ExtensibilityGlobals) = postSolution
		SolutionGuid = {D12A213F-A4EA-4C23-9B11-AE1AB28907FD}
	EndGlobalSection
EndGlobal
